
Microsoft Visual Studio Solution File, Format Version 12.00
# Visual Studio Version 16
VisualStudioVersion = 16.0.31410.357
MinimumVisualStudioVersion = 10.0.40219.1
Project("{FAE04EC0-301F-11D3-BF4B-00C04F79EFBC}") = "ModelRGB", "ModelRGB\ModelRGB.csproj", "{AF3FB4CC-C8A5-494E-B445-2DF6278FE63A}"
EndProject
Global
	GlobalSection(SolutionConfigurationPlatforms) = preSolution
		Debug|Any CPU = Debug|Any CPU
		Release|Any CPU = Release|Any CPU
	EndGlobalSection
	GlobalSection(ProjectConfigurationPlatforms) = postSolution
		{AF3FB4CC-C8A5-494E-B445-2DF6278FE63A}.Debug|Any CPU.ActiveCfg = Debug|Any CPU
		{AF3FB4CC-C8A5-494E-B445-2DF6278FE63A}.Debug|Any CPU.Build.0 = Debug|Any CPU
		{AF3FB4CC-C8A5-494E-B445-2DF6278FE63A}.Release|Any CPU.ActiveCfg = Release|Any CPU
		{AF3FB4CC-C8A5-494E-B445-2DF6278FE63A}.Release|Any CPU.Build.0 = Release|Any CPU
	EndGlobalSection
	GlobalSection(SolutionProperties) = preSolution
		HideSolutionNode = FALSE
	EndGlobalSection
	GlobalSection(ExtensibilityGlobals) = postSolution
		SolutionGuid = {91CFA469-6CB4-4C72-BF3E-5DAF821F076C}
	EndGlobalSection
EndGlobal
